
Microsoft Visual Studio Solution File, Format Version 12.00
# Visual Studio Version 17
VisualStudioVersion = 17.9.34723.18
MinimumVisualStudioVersion = 10.0.40219.1
Project("{FAE04EC0-301F-11D3-BF4B-00C04F79EFBC}") = "MilitarySimulation", "MilitarySimulation\MilitarySimulation.csproj", "{43F1EC09-0297-4108-89C0-D803DE7F25AB}"
EndProject
Global
	GlobalSection(SolutionConfigurationPlatforms) = preSolution
		Debug|Any CPU = Debug|Any CPU
		Release|Any CPU = Release|Any CPU
	EndGlobalSection
	GlobalSection(ProjectConfigurationPlatforms) = postSolution
		{43F1EC09-0297-4108-89C0-D803DE7F25AB}.Debug|Any CPU.ActiveCfg = Debug|Any CPU
		{43F1EC09-0297-4108-89C0-D803DE7F25AB}.Debug|Any CPU.Build.0 = Debug|Any CPU
		{43F1EC09-0297-4108-89C0-D803DE7F25AB}.Release|Any CPU.ActiveCfg = Release|Any CPU
		{43F1EC09-0297-4108-89C0-D803DE7F25AB}.Release|Any CPU.Build.0 = Release|Any CPU
	EndGlobalSection
	GlobalSection(SolutionProperties) = preSolution
		HideSolutionNode = FALSE
	EndGlobalSection
	GlobalSection(ExtensibilityGlobals) = postSolution
		SolutionGuid = {573C89A9-671F-4445-A994-AF6B69FBC59F}
	EndGlobalSection
EndGlobal
